
Microsoft Visual Studio Solution File, Format Version 12.00
# Visual Studio Version 16
VisualStudioVersion = 16.0.32002.261
MinimumVisualStudioVersion = 10.0.40219.1
Project("{FAE04EC0-301F-11D3-BF4B-00C04F79EFBC}") = "WebApplication1", "WebApplication1\WebApplication1.csproj", "{40CEA10E-B8A7-49EB-8A54-2A284CDFE645}"
EndProject
Global
	GlobalSection(SolutionConfigurationPlatforms) = preSolution
		Debug|Any CPU = Debug|Any CPU
		Release|Any CPU = Release|Any CPU
	EndGlobalSection
	GlobalSection(ProjectConfigurationPlatforms) = postSolution
		{40CEA10E-B8A7-49EB-8A54-2A284CDFE645}.Debug|Any CPU.ActiveCfg = Debug|Any CPU
		{40CEA10E-B8A7-49EB-8A54-2A284CDFE645}.Debug|Any CPU.Build.0 = Debug|Any CPU
		{40CEA10E-B8A7-49EB-8A54-2A284CDFE645}.Release|Any CPU.ActiveCfg = Release|Any CPU
		{40CEA10E-B8A7-49EB-8A54-2A284CDFE645}.Release|Any CPU.Build.0 = Release|Any CPU
	EndGlobalSection
	GlobalSection(SolutionProperties) = preSolution
		HideSolutionNode = FALSE
	EndGlobalSection
	GlobalSection(ExtensibilityGlobals) = postSolution
		SolutionGuid = {BF0F9661-8D55-460F-B845-4BE3C9E081B6}
	EndGlobalSection
EndGlobal
